
Microsoft Visual Studio Solution File, Format Version 12.00
# Visual Studio Version 17
VisualStudioVersion = 17.14.36623.8
MinimumVisualStudioVersion = 10.0.40219.1
Project("{2150E333-8FDC-42A3-9474-1A3956D46DE8}") = "src", "src", "{02EA681E-C7D8-13C7-8484-4AC65E1B71E8}"
EndProject
Project("{FAE04EC0-301F-11D3-BF4B-00C04F79EFBC}") = "EmailSaas.API", "EmailSaas.API\EmailSaas.API.csproj", "{1528F7B9-77FB-442F-A550-6BBC206CE14A}"
EndProject
Project("{FAE04EC0-301F-11D3-BF4B-00C04F79EFBC}") = "EmailSaas.Application", "EmailSaas.Application\EmailSaas.Application.csproj", "{EBED8808-1F12-4DB4-8180-58578F0FBFE5}"
EndProject
Project("{FAE04EC0-301F-11D3-BF4B-00C04F79EFBC}") = "EmailSaas.Domain", "EmailSaas.Domain\EmailSaas.Domain.csproj", "{7B15D75B-927E-44C0-BEE4-31A2285BCC53}"
EndProject
Project("{FAE04EC0-301F-11D3-BF4B-00C04F79EFBC}") = "EmailSaas.Infrastructure", "EmailSaas.Infrastructure\EmailSaas.Infrastructure.csproj", "{C0A28E3F-F1DC-451D-BD8D-DF86A540314A}"
EndProject
Project("{2150E333-8FDC-42A3-9474-1A3956D46DE8}") = "Solution Items", "Solution Items", "{8EC462FD-D22E-90A8-E5CE-7E832BA40C5D}"
	ProjectSection(SolutionItems) = preProject
		README.md = README.md
	EndProjectSection
EndProject
Global
	GlobalSection(SolutionConfigurationPlatforms) = preSolution
		Debug|Any CPU = Debug|Any CPU
		Release|Any CPU = Release|Any CPU
	EndGlobalSection
	GlobalSection(ProjectConfigurationPlatforms) = postSolution
		{1528F7B9-77FB-442F-A550-6BBC206CE14A}.Debug|Any CPU.ActiveCfg = Debug|Any CPU
		{1528F7B9-77FB-442F-A550-6BBC206CE14A}.Debug|Any CPU.Build.0 = Debug|Any CPU
		{1528F7B9-77FB-442F-A550-6BBC206CE14A}.Release|Any CPU.ActiveCfg = Release|Any CPU
		{1528F7B9-77FB-442F-A550-6BBC206CE14A}.Release|Any CPU.Build.0 = Release|Any CPU
		{EBED8808-1F12-4DB4-8180-58578F0FBFE5}.Debug|Any CPU.ActiveCfg = Debug|Any CPU
		{EBED8808-1F12-4DB4-8180-58578F0FBFE5}.Debug|Any CPU.Build.0 = Debug|Any CPU
		{EBED8808-1F12-4DB4-8180-58578F0FBFE5}.Release|Any CPU.ActiveCfg = Release|Any CPU
		{EBED8808-1F12-4DB4-8180-58578F0FBFE5}.Release|Any CPU.Build.0 = Release|Any CPU
		{7B15D75B-927E-44C0-BEE4-31A2285BCC53}.Debug|Any CPU.ActiveCfg = Debug|Any CPU
		{7B15D75B-927E-44C0-BEE4-31A2285BCC53}.Debug|Any CPU.Build.0 = Debug|Any CPU
		{7B15D75B-927E-44C0-BEE4-31A2285BCC53}.Release|Any CPU.ActiveCfg = Release|Any CPU
		{7B15D75B-927E-44C0-BEE4-31A2285BCC53}.Release|Any CPU.Build.0 = Release|Any CPU
		{C0A28E3F-F1DC-451D-BD8D-DF86A540314A}.Debug|Any CPU.ActiveCfg = Debug|Any CPU
		{C0A28E3F-F1DC-451D-BD8D-DF86A540314A}.Debug|Any CPU.Build.0 = Debug|Any CPU
		{C0A28E3F-F1DC-451D-BD8D-DF86A540314A}.Release|Any CPU.ActiveCfg = Release|Any CPU
		{C0A28E3F-F1DC-451D-BD8D-DF86A540314A}.Release|Any CPU.Build.0 = Release|Any CPU
	EndGlobalSection
	GlobalSection(SolutionProperties) = preSolution
		HideSolutionNode = FALSE
	EndGlobalSection
	GlobalSection(NestedProjects) = preSolution
		{1528F7B9-77FB-442F-A550-6BBC206CE14A} = {02EA681E-C7D8-13C7-8484-4AC65E1B71E8}
		{EBED8808-1F12-4DB4-8180-58578F0FBFE5} = {02EA681E-C7D8-13C7-8484-4AC65E1B71E8}
		{7B15D75B-927E-44C0-BEE4-31A2285BCC53} = {02EA681E-C7D8-13C7-8484-4AC65E1B71E8}
		{C0A28E3F-F1DC-451D-BD8D-DF86A540314A} = {02EA681E-C7D8-13C7-8484-4AC65E1B71E8}
	EndGlobalSection
	GlobalSection(ExtensibilityGlobals) = postSolution
		SolutionGuid = {DC61C23B-6AC0-4215-964A-4FDC6CA19FC9}
	EndGlobalSection
EndGlobal
